// !$*UTF8*$!
{
	archiveVersion = 1;
	classes = {
	};
	objectVersion = 48;
	objects = {

/* Begin PBXBuildFile section */
		0C5F9F4B1FF3EC2200B6CA45 /* AppDelegate.m in Sources */ = {isa = PBXBuildFile; fileRef = 0C5F9F4A1FF3EC2200B6CA45 /* AppDelegate.m */; };
		0C5F9F511FF3EC2200B6CA45 /* Main.storyboard in Resources */ = {isa = PBXBuildFile; fileRef = 0C5F9F4F1FF3EC2200B6CA45 /* Main.storyboard */; };
		0C5F9F531FF3EC2200B6CA45 /* Assets.xcassets in Resources */ = {isa = PBXBuildFile; fileRef = 0C5F9F521FF3EC2200B6CA45 /* Assets.xcassets */; };
		0C5F9F561FF3EC2200B6CA45 /* LaunchScreen.storyboard in Resources */ = {isa = PBXBuildFile; fileRef = 0C5F9F541FF3EC2200B6CA45 /* LaunchScreen.storyboard */; };
		0C5F9F591FF3EC2200B6CA45 /* main.m in Sources */ = {isa = PBXBuildFile; fileRef = 0C5F9F581FF3EC2200B6CA45 /* main.m */; };
		0C5F9F631FF3EC2200B6CA45 /* ZXYShineButton_ExampleTests.m in Sources */ = {isa = PBXBuildFile; fileRef = 0C5F9F621FF3EC2200B6CA45 /* ZXYShineButton_ExampleTests.m */; };
		0C5F9F6E1FF3EC2200B6CA45 /* ZXYShineButton_ExampleUITests.m in Sources */ = {isa = PBXBuildFile; fileRef = 0C5F9F6D1FF3EC2200B6CA45 /* ZXYShineButton_ExampleUITests.m */; };
		0C5F9F891FF3EC7B00B6CA45 /* ZXYShineViewController.m in Sources */ = {isa = PBXBuildFile; fileRef = 0C5F9F7D1FF3EC7B00B6CA45 /* ZXYShineViewController.m */; };
		0C5F9F8A1FF3EC7B00B6CA45 /* ZXYShineClickLayer.m in Sources */ = {isa = PBXBuildFile; fileRef = 0C5F9F7F1FF3EC7B00B6CA45 /* ZXYShineClickLayer.m */; };
		0C5F9F8B1FF3EC7B00B6CA45 /* ZXYShineParams.m in Sources */ = {isa = PBXBuildFile; fileRef = 0C5F9F801FF3EC7B00B6CA45 /* ZXYShineParams.m */; };
		0C5F9F8C1FF3EC7B00B6CA45 /* ZXYShineAngleLayer.m in Sources */ = {isa = PBXBuildFile; fileRef = 0C5F9F841FF3EC7B00B6CA45 /* ZXYShineAngleLayer.m */; };
		0C5F9F8D1FF3EC7B00B6CA45 /* ZXYShineButton.m in Sources */ = {isa = PBXBuildFile; fileRef = 0C5F9F861FF3EC7B00B6CA45 /* ZXYShineButton.m */; };
		0C5F9F8E1FF3EC7B00B6CA45 /* ShineButton.bundle in Resources */ = {isa = PBXBuildFile; fileRef = 0C5F9F871FF3EC7B00B6CA45 /* ShineButton.bundle */; };
		0C5F9F8F1FF3EC7B00B6CA45 /* ZXYShineLayer.m in Sources */ = {isa = PBXBuildFile; fileRef = 0C5F9F881FF3EC7B00B6CA45 /* ZXYShineLayer.m */; };
/* End PBXBuildFile section */

/* Begin PBXContainerItemProxy section */
		0C5F9F5F1FF3EC2200B6CA45 /* PBXContainerItemProxy */ = {
			isa = PBXContainerItemProxy;
			containerPortal = 0C5F9F3E1FF3EC2100B6CA45 /* Project object */;
			proxyType = 1;
			remoteGlobalIDString = 0C5F9F451FF3EC2100B6CA45;
			remoteInfo = "ZXYShineButton-Example";
		};
		0C5F9F6A1FF3EC2200B6CA45 /* PBXContainerItemProxy */ = {
			isa = PBXContainerItemProxy;
			containerPortal = 0C5F9F3E1FF3EC2100B6CA45 /* Project object */;
			proxyType = 1;
			remoteGlobalIDString = 0C5F9F451FF3EC2100B6CA45;
			remoteInfo = "ZXYShineButton-Example";
		};
/* End PBXContainerItemProxy section */

/* Begin PBXFileReference section */
		0C5F9F461FF3EC2100B6CA45 /* ZXYShineButton-Example.app */ = {isa = PBXFileReference; explicitFileType = wrapper.application; includeInIndex = 0; path = "ZXYShineButton-Example.app"; sourceTree = BUILT_PRODUCTS_DIR; };
		0C5F9F491FF3EC2100B6CA45 /* AppDelegate.h */ = {isa = PBXFileReference; lastKnownFileType = sourcecode.c.h; path = AppDelegate.h; sourceTree = "<group>"; };
		0C5F9F4A1FF3EC2200B6CA45 /* AppDelegate.m */ = {isa = PBXFileReference; lastKnownFileType = sourcecode.c.objc; path = AppDelegate.m; sourceTree = "<group>"; };
		0C5F9F501FF3EC2200B6CA45 /* Base */ = {isa = PBXFileReference; lastKnownFileType = file.storyboard; name = Base; path = Base.lproj/Main.storyboard; sourceTree = "<group>"; };
		0C5F9F521FF3EC2200B6CA45 /* Assets.xcassets */ = {isa = PBXFileReference; lastKnownFileType = folder.assetcatalog; path = Assets.xcassets; sourceTree = "<group>"; };
		0C5F9F551FF3EC2200B6CA45 /* Base */ = {isa = PBXFileReference; lastKnownFileType = file.storyboard; name = Base; path = Base.lproj/LaunchScreen.storyboard; sourceTree = "<group>"; };
		0C5F9F571FF3EC2200B6CA45 /* Info.plist */ = {isa = PBXFileReference; lastKnownFileType = text.plist.xml; path = Info.plist; sourceTree = "<group>"; };
		0C5F9F581FF3EC2200B6CA45 /* main.m */ = {isa = PBXFileReference; lastKnownFileType = sourcecode.c.objc; path = main.m; sourceTree = "<group>"; };
		0C5F9F5E1FF3EC2200B6CA45 /* ZXYShineButton-ExampleTests.xctest */ = {isa = PBXFileReference; explicitFileType = wrapper.cfbundle; includeInIndex = 0; path = "ZXYShineButton-ExampleTests.xctest"; sourceTree = BUILT_PRODUCTS_DIR; };
		0C5F9F621FF3EC2200B6CA45 /* ZXYShineButton_ExampleTests.m */ = {isa = PBXFileReference; lastKnownFileType = sourcecode.c.objc; path = ZXYShineButton_ExampleTests.m; sourceTree = "<group>"; };
		0C5F9F641FF3EC2200B6CA45 /* Info.plist */ = {isa = PBXFileReference; lastKnownFileType = text.plist.xml; path = Info.plist; sourceTree = "<group>"; };
		0C5F9F691FF3EC2200B6CA45 /* ZXYShineButton-ExampleUITests.xctest */ = {isa = PBXFileReference; explicitFileType = wrapper.cfbundle; includeInIndex = 0; path = "ZXYShineButton-ExampleUITests.xctest"; sourceTree = BUILT_PRODUCTS_DIR; };
		0C5F9F6D1FF3EC2200B6CA45 /* ZXYShineButton_ExampleUITests.m */ = {isa = PBXFileReference; lastKnownFileType = sourcecode.c.objc; path = ZXYShineButton_ExampleUITests.m; sourceTree = "<group>"; };
		0C5F9F6F1FF3EC2200B6CA45 /* Info.plist */ = {isa = PBXFileReference; lastKnownFileType = text.plist.xml; path = Info.plist; sourceTree = "<group>"; };
		0C5F9F7C1FF3EC7B00B6CA45 /* ZXYShineButton.h */ = {isa = PBXFileReference; fileEncoding = 4; lastKnownFileType = sourcecode.c.h; path = ZXYShineButton.h; sourceTree = "<group>"; };
		0C5F9F7D1FF3EC7B00B6CA45 /* ZXYShineViewController.m */ = {isa = PBXFileReference; fileEncoding = 4; lastKnownFileType = sourcecode.c.objc; path = ZXYShineViewController.m; sourceTree = "<group>"; };
		0C5F9F7E1FF3EC7B00B6CA45 /* ZXYShineAngleLayer.h */ = {isa = PBXFileReference; fileEncoding = 4; lastKnownFileType = sourcecode.c.h; path = ZXYShineAngleLayer.h; sourceTree = "<group>"; };
		0C5F9F7F1FF3EC7B00B6CA45 /* ZXYShineClickLayer.m */ = {isa = PBXFileReference; fileEncoding = 4; lastKnownFileType = sourcecode.c.objc; path = ZXYShineClickLayer.m; sourceTree = "<group>"; };
		0C5F9F801FF3EC7B00B6CA45 /* ZXYShineParams.m */ = {isa = PBXFileReference; fileEncoding = 4; lastKnownFileType = sourcecode.c.objc; path = ZXYShineParams.m; sourceTree = "<group>"; };
		0C5F9F811FF3EC7B00B6CA45 /* ZXYShineLayer.h */ = {isa = PBXFileReference; fileEncoding = 4; lastKnownFileType = sourcecode.c.h; path = ZXYShineLayer.h; sourceTree = "<group>"; };
		0C5F9F821FF3EC7B00B6CA45 /* ZXYShineClickLayer.h */ = {isa = PBXFileReference; fileEncoding = 4; lastKnownFileType = sourcecode.c.h; path = ZXYShineClickLayer.h; sourceTree = "<group>"; };
		0C5F9F831FF3EC7B00B6CA45 /* ZXYShineParams.h */ = {isa = PBXFileReference; fileEncoding = 4; lastKnownFileType = sourcecode.c.h; path = ZXYShineParams.h; sourceTree = "<group>"; };
		0C5F9F841FF3EC7B00B6CA45 /* ZXYShineAngleLayer.m */ = {isa = PBXFileReference; fileEncoding = 4; lastKnownFileType = sourcecode.c.objc; path = ZXYShineAngleLayer.m; sourceTree = "<group>"; };
		0C5F9F851FF3EC7B00B6CA45 /* ZXYShineViewController.h */ = {isa = PBXFileReference; fileEncoding = 4; lastKnownFileType = sourcecode.c.h; path = ZXYShineViewController.h; sourceTree = "<group>"; };
		0C5F9F861FF3EC7B00B6CA45 /* ZXYShineButton.m */ = {isa = PBXFileReference; fileEncoding = 4; lastKnownFileType = sourcecode.c.objc; path = ZXYShineButton.m; sourceTree = "<group>"; };
		0C5F9F871FF3EC7B00B6CA45 /* ShineButton.bundle */ = {isa = PBXFileReference; lastKnownFileType = "wrapper.plug-in"; path = ShineButton.bundle; sourceTree = "<group>"; };
		0C5F9F881FF3EC7B00B6CA45 /* ZXYShineLayer.m */ = {isa = PBXFileReference; fileEncoding = 4; lastKnownFileType = sourcecode.c.objc; path = ZXYShineLayer.m; sourceTree = "<group>"; };
/* End PBXFileReference section */

/* Begin PBXFrameworksBuildPhase section */
		0C5F9F431FF3EC2100B6CA45 /* Frameworks */ = {
			isa = PBXFrameworksBuildPhase;
			buildActionMask = 2147483647;
			files = (
			);
			runOnlyForDeploymentPostprocessing = 0;
		};
		0C5F9F5B1FF3EC2200B6CA45 /* Frameworks */ = {
			isa = PBXFrameworksBuildPhase;
			buildActionMask = 2147483647;
			files = (
			);
			runOnlyForDeploymentPostprocessing = 0;
		};
		0C5F9F661FF3EC2200B6CA45 /* Frameworks */ = {
			isa = PBXFrameworksBuildPhase;
			buildActionMask = 2147483647;
			files = (
			);
			runOnlyForDeploymentPostprocessing = 0;
		};
/* End PBXFrameworksBuildPhase section */

/* Begin PBXGroup section */
		0C5F9F3D1FF3EC2100B6CA45 = {
			isa = PBXGroup;
			children = (
				0C5F9F7B1FF3EC7B00B6CA45 /* ZXYShineButton */,
				0C5F9F481FF3EC2100B6CA45 /* ZXYShineButton-Example */,
				0C5F9F611FF3EC2200B6CA45 /* ZXYShineButton-ExampleTests */,
				0C5F9F6C1FF3EC2200B6CA45 /* ZXYShineButton-ExampleUITests */,
				0C5F9F471FF3EC2100B6CA45 /* Products */,
			);
			sourceTree = "<group>";
		};
		0C5F9F471FF3EC2100B6CA45 /* Products */ = {
			isa = PBXGroup;
			children = (
				0C5F9F461FF3EC2100B6CA45 /* ZXYShineButton-Example.app */,
				0C5F9F5E1FF3EC2200B6CA45 /* ZXYShineButton-ExampleTests.xctest */,
				0C5F9F691FF3EC2200B6CA45 /* ZXYShineButton-ExampleUITests.xctest */,
			);
			name = Products;
			sourceTree = "<group>";
		};
		0C5F9F481FF3EC2100B6CA45 /* ZXYShineButton-Example */ = {
			isa = PBXGroup;
			children = (
				0C5F9F491FF3EC2100B6CA45 /* AppDelegate.h */,
				0C5F9F4A1FF3EC2200B6CA45 /* AppDelegate.m */,
				0C5F9F7D1FF3EC7B00B6CA45 /* ZXYShineViewController.m */,
				0C5F9F851FF3EC7B00B6CA45 /* ZXYShineViewController.h */,
				0C5F9F4F1FF3EC2200B6CA45 /* Main.storyboard */,
				0C5F9F521FF3EC2200B6CA45 /* Assets.xcassets */,
				0C5F9F541FF3EC2200B6CA45 /* LaunchScreen.storyboard */,
				0C5F9F571FF3EC2200B6CA45 /* Info.plist */,
				0C5F9F581FF3EC2200B6CA45 /* main.m */,
			);
			path = "ZXYShineButton-Example";
			sourceTree = "<group>";
		};
		0C5F9F611FF3EC2200B6CA45 /* ZXYShineButton-ExampleTests */ = {
			isa = PBXGroup;
			children = (
				0C5F9F621FF3EC2200B6CA45 /* ZXYShineButton_ExampleTests.m */,
				0C5F9F641FF3EC2200B6CA45 /* Info.plist */,
			);
			path = "ZXYShineButton-ExampleTests";
			sourceTree = "<group>";
		};
		0C5F9F6C1FF3EC2200B6CA45 /* ZXYShineButton-ExampleUITests */ = {
			isa = PBXGroup;
			children = (
				0C5F9F6D1FF3EC2200B6CA45 /* ZXYShineButton_ExampleUITests.m */,
				0C5F9F6F1FF3EC2200B6CA45 /* Info.plist */,
			);
			path = "ZXYShineButton-ExampleUITests";
			sourceTree = "<group>";
		};
		0C5F9F7B1FF3EC7B00B6CA45 /* ZXYShineButton */ = {
			isa = PBXGroup;
			children = (
				0C5F9F7C1FF3EC7B00B6CA45 /* ZXYShineButton.h */,
				0C5F9F7E1FF3EC7B00B6CA45 /* ZXYShineAngleLayer.h */,
				0C5F9F7F1FF3EC7B00B6CA45 /* ZXYShineClickLayer.m */,
				0C5F9F801FF3EC7B00B6CA45 /* ZXYShineParams.m */,
				0C5F9F811FF3EC7B00B6CA45 /* ZXYShineLayer.h */,
				0C5F9F821FF3EC7B00B6CA45 /* ZXYShineClickLayer.h */,
				0C5F9F831FF3EC7B00B6CA45 /* ZXYShineParams.h */,
				0C5F9F841FF3EC7B00B6CA45 /* ZXYShineAngleLayer.m */,
				0C5F9F861FF3EC7B00B6CA45 /* ZXYShineButton.m */,
				0C5F9F871FF3EC7B00B6CA45 /* ShineButton.bundle */,
				0C5F9F881FF3EC7B00B6CA45 /* ZXYShineLayer.m */,
			);
			path = ZXYShineButton;
			sourceTree = "<group>";
		};
/* End PBXGroup section */

/* Begin PBXNativeTarget section */
		0C5F9F451FF3EC2100B6CA45 /* ZXYShineButton-Example */ = {
			isa = PBXNativeTarget;
			buildConfigurationList = 0C5F9F721FF3EC2200B6CA45 /* Build configuration list for PBXNativeTarget "ZXYShineButton-Example" */;
			buildPhases = (
				0C5F9F421FF3EC2100B6CA45 /* Sources */,
				0C5F9F431FF3EC2100B6CA45 /* Frameworks */,
				0C5F9F441FF3EC2100B6CA45 /* Resources */,
			);
			buildRules = (
			);
			dependencies = (
			);
			name = "ZXYShineButton-Example";
			productName = "ZXYShineButton-Example";
			productReference = 0C5F9F461FF3EC2100B6CA45 /* ZXYShineButton-Example.app */;
			productType = "com.apple.product-type.application";
		};
		0C5F9F5D1FF3EC2200B6CA45 /* ZXYShineButton-ExampleTests */ = {
			isa = PBXNativeTarget;
			buildConfigurationList = 0C5F9F751FF3EC2200B6CA45 /* Build configuration list for PBXNativeTarget "ZXYShineButton-ExampleTests" */;
			buildPhases = (
				0C5F9F5A1FF3EC2200B6CA45 /* Sources */,
				0C5F9F5B1FF3EC2200B6CA45 /* Frameworks */,
				0C5F9F5C1FF3EC2200B6CA45 /* Resources */,
			);
			buildRules = (
			);
			dependencies = (
				0C5F9F601FF3EC2200B6CA45 /* PBXTargetDependency */,
			);
			name = "ZXYShineButton-ExampleTests";
			productName = "ZXYShineButton-ExampleTests";
			productReference = 0C5F9F5E1FF3EC2200B6CA45 /* ZXYShineButton-ExampleTests.xctest */;
			productType = "com.apple.product-type.bundle.unit-test";
		};
		0C5F9F681FF3EC2200B6CA45 /* ZXYShineButton-ExampleUITests */ = {
			isa = PBXNativeTarget;
			buildConfigurationList = 0C5F9F781FF3EC2200B6CA45 /* Build configuration list for PBXNativeTarget "ZXYShineButton-ExampleUITests" */;
			buildPhases = (
				0C5F9F651FF3EC2200B6CA45 /* Sources */,
				0C5F9F661FF3EC2200B6CA45 /* Frameworks */,
				0C5F9F671FF3EC2200B6CA45 /* Resources */,
			);
			buildRules = (
			);
			dependencies = (
				0C5F9F6B1FF3EC2200B6CA45 /* PBXTargetDependency */,
			);
			name = "ZXYShineButton-ExampleUITests";
			productName = "ZXYShineButton-ExampleUITests";
			productReference = 0C5F9F691FF3EC2200B6CA45 /* ZXYShineButton-ExampleUITests.xctest */;
			productType = "com.apple.product-type.bundle.ui-testing";
		};
/* End PBXNativeTarget section */

/* Begin PBXProject section */
		0C5F9F3E1FF3EC2100B6CA45 /* Project object */ = {
			isa = PBXProject;
			attributes = {
				LastUpgradeCheck = 0920;
				ORGANIZATIONNAME = "赵阳";
				TargetAttributes = {
					0C5F9F451FF3EC2100B6CA45 = {
						CreatedOnToolsVersion = 9.2;
						ProvisioningStyle = Automatic;
					};
					0C5F9F5D1FF3EC2200B6CA45 = {
						CreatedOnToolsVersion = 9.2;
						ProvisioningStyle = Automatic;
						TestTargetID = 0C5F9F451FF3EC2100B6CA45;
					};
					0C5F9F681FF3EC2200B6CA45 = {
						CreatedOnToolsVersion = 9.2;
						ProvisioningStyle = Automatic;
						TestTargetID = 0C5F9F451FF3EC2100B6CA45;
					};
				};
			};
			buildConfigurationList = 0C5F9F411FF3EC2100B6CA45 /* Build configuration list for PBXProject "ZXYShineButton-Example" */;
			compatibilityVersion = "Xcode 8.0";
			developmentRegion = en;
			hasScannedForEncodings = 0;
			knownRegions = (
				en,
				Base,
			);
			mainGroup = 0C5F9F3D1FF3EC2100B6CA45;
			productRefGroup = 0C5F9F471FF3EC2100B6CA45 /* Products */;
			projectDirPath = "";
			projectRoot = "";
			targets = (
				0C5F9F451FF3EC2100B6CA45 /* ZXYShineButton-Example */,
				0C5F9F5D1FF3EC2200B6CA45 /* ZXYShineButton-ExampleTests */,
				0C5F9F681FF3EC2200B6CA45 /* ZXYShineButton-ExampleUITests */,
			);
		};
/* End PBXProject section */

/* Begin PBXResourcesBuildPhase section */
		0C5F9F441FF3EC2100B6CA45 /* Resources */ = {
			isa = PBXResourcesBuildPhase;
			buildActionMask = 2147483647;
			files = (
				0C5F9F561FF3EC2200B6CA45 /* LaunchScreen.storyboard in Resources */,
				0C5F9F8E1FF3EC7B00B6CA45 /* ShineButton.bundle in Resources */,
				0C5F9F531FF3EC2200B6CA45 /* Assets.xcassets in Resources */,
				0C5F9F511FF3EC2200B6CA45 /* Main.storyboard in Resources */,
			);
			runOnlyForDeploymentPostprocessing = 0;
		};
		0C5F9F5C1FF3EC2200B6CA45 /* Resources */ = {
			isa = PBXResourcesBuildPhase;
			buildActionMask = 2147483647;
			files = (
			);
			runOnlyForDeploymentPostprocessing = 0;
		};
		0C5F9F671FF3EC2200B6CA45 /* Resources */ = {
			isa = PBXResourcesBuildPhase;
			buildActionMask = 2147483647;
			files = (
			);
			runOnlyForDeploymentPostprocessing = 0;
		};
/* End PBXResourcesBuildPhase section */

/* Begin PBXSourcesBuildPhase section */
		0C5F9F421FF3EC2100B6CA45 /* Sources */ = {
			isa = PBXSourcesBuildPhase;
			buildActionMask = 2147483647;
			files = (
				0C5F9F8A1FF3EC7B00B6CA45 /* ZXYShineClickLayer.m in Sources */,
				0C5F9F8F1FF3EC7B00B6CA45 /* ZXYShineLayer.m in Sources */,
				0C5F9F8D1FF3EC7B00B6CA45 /* ZXYShineButton.m in Sources */,
				0C5F9F891FF3EC7B00B6CA45 /* ZXYShineViewController.m in Sources */,
				0C5F9F591FF3EC2200B6CA45 /* main.m in Sources */,
				0C5F9F4B1FF3EC2200B6CA45 /* AppDelegate.m in Sources */,
				0C5F9F8C1FF3EC7B00B6CA45 /* ZXYShineAngleLayer.m in Sources */,
				0C5F9F8B1FF3EC7B00B6CA45 /* ZXYShineParams.m in Sources */,
			);
			runOnlyForDeploymentPostprocessing = 0;
		};
		0C5F9F5A1FF3EC2200B6CA45 /* Sources */ = {
			isa = PBXSourcesBuildPhase;
			buildActionMask = 2147483647;
			files = (
				0C5F9F631FF3EC2200B6CA45 /* ZXYShineButton_ExampleTests.m in Sources */,
			);
			runOnlyForDeploymentPostprocessing = 0;
		};
		0C5F9F651FF3EC2200B6CA45 /* Sources */ = {
			isa = PBXSourcesBuildPhase;
			buildActionMask = 2147483647;
			files = (
				0C5F9F6E1FF3EC2200B6CA45 /* ZXYShineButton_ExampleUITests.m in Sources */,
			);
			runOnlyForDeploymentPostprocessing = 0;
		};
/* End PBXSourcesBuildPhase section */

/* Begin PBXTargetDependency section */
		0C5F9F601FF3EC2200B6CA45 /* PBXTargetDependency */ = {
			isa = PBXTargetDependency;
			target = 0C5F9F451FF3EC2100B6CA45 /* ZXYShineButton-Example */;
			targetProxy = 0C5F9F5F1FF3EC2200B6CA45 /* PBXContainerItemProxy */;
		};
		0C5F9F6B1FF3EC2200B6CA45 /* PBXTargetDependency */ = {
			isa = PBXTargetDependency;
			target = 0C5F9F451FF3EC2100B6CA45 /* ZXYShineButton-Example */;
			targetProxy = 0C5F9F6A1FF3EC2200B6CA45 /* PBXContainerItemProxy */;
		};
/* End PBXTargetDependency section */

/* Begin PBXVariantGroup section */
		0C5F9F4F1FF3EC2200B6CA45 /* Main.storyboard */ = {
			isa = PBXVariantGroup;
			children = (
				0C5F9F501FF3EC2200B6CA45 /* Base */,
			);
			name = Main.storyboard;
			sourceTree = "<group>";
		};
		0C5F9F541FF3EC2200B6CA45 /* LaunchScreen.storyboard */ = {
			isa = PBXVariantGroup;
			children = (
				0C5F9F551FF3EC2200B6CA45 /* Base */,
			);
			name = LaunchScreen.storyboard;
			sourceTree = "<group>";
		};
/* End PBXVariantGroup section */

/* Begin XCBuildConfiguration section */
		0C5F9F701FF3EC2200B6CA45 /* Debug */ = {
			isa = XCBuildConfiguration;
			buildSettings = {
				ALWAYS_SEARCH_USER_PATHS = NO;
				CLANG_ANALYZER_NONNULL = YES;
				CLANG_ANALYZER_NUMBER_OBJECT_CONVERSION = YES_AGGRESSIVE;
				CLANG_CXX_LANGUAGE_STANDARD = "gnu++14";
				CLANG_CXX_LIBRARY = "libc++";
				CLANG_ENABLE_MODULES = YES;
				CLANG_ENABLE_OBJC_ARC = YES;
				CLANG_WARN_BLOCK_CAPTURE_AUTORELEASING = YES;
				CLANG_WARN_BOOL_CONVERSION = YES;
				CLANG_WARN_COMMA = YES;
				CLANG_WARN_CONSTANT_CONVERSION = YES;
				CLANG_WARN_DIRECT_OBJC_ISA_USAGE = YES_ERROR;
				CLANG_WARN_DOCUMENTATION_COMMENTS = YES;
				CLANG_WARN_EMPTY_BODY = YES;
				CLANG_WARN_ENUM_CONVERSION = YES;
				CLANG_WARN_INFINITE_RECURSION = YES;
				CLANG_WARN_INT_CONVERSION = YES;
				CLANG_WARN_NON_LITERAL_NULL_CONVERSION = YES;
				CLANG_WARN_OBJC_LITERAL_CONVERSION = YES;
				CLANG_WARN_OBJC_ROOT_CLASS = YES_ERROR;
				CLANG_WARN_RANGE_LOOP_ANALYSIS = YES;
				CLANG_WARN_STRICT_PROTOTYPES = YES;
				CLANG_WARN_SUSPICIOUS_MOVE = YES;
				CLANG_WARN_UNGUARDED_AVAILABILITY = YES_AGGRESSIVE;
				CLANG_WARN_UNREACHABLE_CODE = YES;
				CLANG_WARN__DUPLICATE_METHOD_MATCH = YES;
				CODE_SIGN_IDENTITY = "iPhone Developer";
				COPY_PHASE_STRIP = NO;
				DEBUG_INFORMATION_FORMAT = dwarf;
				ENABLE_STRICT_OBJC_MSGSEND = YES;
				ENABLE_TESTABILITY = YES;
				GCC_C_LANGUAGE_STANDARD = gnu11;
				GCC_DYNAMIC_NO_PIC = NO;
				GCC_NO_COMMON_BLOCKS = YES;
				GCC_OPTIMIZATION_LEVEL = 0;
				GCC_PREPROCESSOR_DEFINITIONS = (
					"DEBUG=1",
					"$(inherited)",
				);
				GCC_WARN_64_TO_32_BIT_CONVERSION = YES;
				GCC_WARN_ABOUT_RETURN_TYPE = YES_ERROR;
				GCC_WARN_UNDECLARED_SELECTOR = YES;
				GCC_WARN_UNINITIALIZED_AUTOS = YES_AGGRESSIVE;
				GCC_WARN_UNUSED_FUNCTION = YES;
				GCC_WARN_UNUSED_VARIABLE = YES;
				IPHONEOS_DEPLOYMENT_TARGET = 11.2;
				MTL_ENABLE_DEBUG_INFO = YES;
				ONLY_ACTIVE_ARCH = YES;
				SDKROOT = iphoneos;
			};
			name = Debug;
		};
		0C5F9F711FF3EC2200B6CA45 /* Release */ = {
			isa = XCBuildConfiguration;
			buildSettings = {
				ALWAYS_SEARCH_USER_PATHS = NO;
				CLANG_ANALYZER_NONNULL = YES;
				CLANG_ANALYZER_NUMBER_OBJECT_CONVERSION = YES_AGGRESSIVE;
				CLANG_CXX_LANGUAGE_STANDARD = "gnu++14";
				CLANG_CXX_LIBRARY = "libc++";
				CLANG_ENABLE_MODULES = YES;
				CLANG_ENABLE_OBJC_ARC = YES;
				CLANG_WARN_BLOCK_CAPTURE_AUTORELEASING = YES;
				CLANG_WARN_BOOL_CONVERSION = YES;
				CLANG_WARN_COMMA = YES;
				CLANG_WARN_CONSTANT_CONVERSION = YES;
				CLANG_WARN_DIRECT_OBJC_ISA_USAGE = YES_ERROR;
				CLANG_WARN_DOCUMENTATION_COMMENTS = YES;
				CLANG_WARN_EMPTY_BODY = YES;
				CLANG_WARN_ENUM_CONVERSION = YES;
				CLANG_WARN_INFINITE_RECURSION = YES;
				CLANG_WARN_INT_CONVERSION = YES;
				CLANG_WARN_NON_LITERAL_NULL_CONVERSION = YES;
				CLANG_WARN_OBJC_LITERAL_CONVERSION = YES;
				CLANG_WARN_OBJC_ROOT_CLASS = YES_ERROR;
				CLANG_WARN_RANGE_LOOP_ANALYSIS = YES;
				CLANG_WARN_STRICT_PROTOTYPES = YES;
				CLANG_WARN_SUSPICIOUS_MOVE = YES;
				CLANG_WARN_UNGUARDED_AVAILABILITY = YES_AGGRESSIVE;
				CLANG_WARN_UNREACHABLE_CODE = YES;
				CLANG_WARN__DUPLICATE_METHOD_MATCH = YES;
				CODE_SIGN_IDENTITY = "iPhone Developer";
				COPY_PHASE_STRIP = NO;
				DEBUG_INFORMATION_FORMAT = "dwarf-with-dsym";
				ENABLE_NS_ASSERTIONS = NO;
				ENABLE_STRICT_OBJC_MSGSEND = YES;
				GCC_C_LANGUAGE_STANDARD = gnu11;
				GCC_NO_COMMON_BLOCKS = YES;
				GCC_WARN_64_TO_32_BIT_CONVERSION = YES;
				GCC_WARN_ABOUT_RETURN_TYPE = YES_ERROR;
				GCC_WARN_UNDECLARED_SELECTOR = YES;
				GCC_WARN_UNINITIALIZED_AUTOS = YES_AGGRESSIVE;
				GCC_WARN_UNUSED_FUNCTION = YES;
				GCC_WARN_UNUSED_VARIABLE = YES;
				IPHONEOS_DEPLOYMENT_TARGET = 11.2;
				MTL_ENABLE_DEBUG_INFO = NO;
				SDKROOT = iphoneos;
				VALIDATE_PRODUCT = YES;
			};
			name = Release;
		};
		0C5F9F731FF3EC2200B6CA45 /* Debug */ = {
			isa = XCBuildConfiguration;
			buildSettings = {
				ASSETCATALOG_COMPILER_APPICON_NAME = AppIcon;
				CODE_SIGN_STYLE = Automatic;
				INFOPLIST_FILE = "ZXYShineButton-Example/Info.plist";
				IPHONEOS_DEPLOYMENT_TARGET = 8.0;
				LD_RUNPATH_SEARCH_PATHS = "$(inherited) @executable_path/Frameworks";
				PRODUCT_BUNDLE_IDENTIFIER = "s.ZXYShineButton-Example";
				PRODUCT_NAME = "$(TARGET_NAME)";
				TARGETED_DEVICE_FAMILY = "1,2";
			};
			name = Debug;
		};
		0C5F9F741FF3EC2200B6CA45 /* Release */ = {
			isa = XCBuildConfiguration;
			buildSettings = {
				ASSETCATALOG_COMPILER_APPICON_NAME = AppIcon;
				CODE_SIGN_STYLE = Automatic;
				INFOPLIST_FILE = "ZXYShineButton-Example/Info.plist";
				IPHONEOS_DEPLOYMENT_TARGET = 8.0;
				LD_RUNPATH_SEARCH_PATHS = "$(inherited) @executable_path/Frameworks";
				PRODUCT_BUNDLE_IDENTIFIER = "s.ZXYShineButton-Example";
				PRODUCT_NAME = "$(TARGET_NAME)";
				TARGETED_DEVICE_FAMILY = "1,2";
			};
			name = Release;
		};
		0C5F9F761FF3EC2200B6CA45 /* Debug */ = {
			isa = XCBuildConfiguration;
			buildSettings = {
				BUNDLE_LOADER = "$(TEST_HOST)";
				CODE_SIGN_STYLE = Automatic;
				INFOPLIST_FILE = "ZXYShineButton-ExampleTests/Info.plist";
				LD_RUNPATH_SEARCH_PATHS = "$(inherited) @executable_path/Frameworks @loader_path/Frameworks";
				PRODUCT_BUNDLE_IDENTIFIER = "s.ZXYShineButton-ExampleTests";
				PRODUCT_NAME = "$(TARGET_NAME)";
				TARGETED_DEVICE_FAMILY = "1,2";
				TEST_HOST = "$(BUILT_PRODUCTS_DIR)/ZXYShineButton-Example.app/ZXYShineButton-Example";
			};
			name = Debug;
		};
		0C5F9F771FF3EC2200B6CA45 /* Release */ = {
			isa = XCBuildConfiguration;
			buildSettings = {
				BUNDLE_LOADER = "$(TEST_HOST)";
				CODE_SIGN_STYLE = Automatic;
				INFOPLIST_FILE = "ZXYShineButton-ExampleTests/Info.plist";
				LD_RUNPATH_SEARCH_PATHS = "$(inherited) @executable_path/Frameworks @loader_path/Frameworks";
				PRODUCT_BUNDLE_IDENTIFIER = "s.ZXYShineButton-ExampleTests";
				PRODUCT_NAME = "$(TARGET_NAME)";
				TARGETED_DEVICE_FAMILY = "1,2";
				TEST_HOST = "$(BUILT_PRODUCTS_DIR)/ZXYShineButton-Example.app/ZXYShineButton-Example";
			};
			name = Release;
		};
		0C5F9F791FF3EC2200B6CA45 /* Debug */ = {
			isa = XCBuildConfiguration;
			buildSettings = {
				CODE_SIGN_STYLE = Automatic;
				INFOPLIST_FILE = "ZXYShineButton-ExampleUITests/Info.plist";
				LD_RUNPATH_SEARCH_PATHS = "$(inherited) @executable_path/Frameworks @loader_path/Frameworks";
				PRODUCT_BUNDLE_IDENTIFIER = "s.ZXYShineButton-ExampleUITests";
				PRODUCT_NAME = "$(TARGET_NAME)";
				TARGETED_DEVICE_FAMILY = "1,2";
				TEST_TARGET_NAME = "ZXYShineButton-Example";
			};
			name = Debug;
		};
		0C5F9F7A1FF3EC2200B6CA45 /* Release */ = {
			isa = XCBuildConfiguration;
			buildSettings = {
				CODE_SIGN_STYLE = Automatic;
				INFOPLIST_FILE = "ZXYShineButton-ExampleUITests/Info.plist";
				LD_RUNPATH_SEARCH_PATHS = "$(inherited) @executable_path/Frameworks @loader_path/Frameworks";
				PRODUCT_BUNDLE_IDENTIFIER = "s.ZXYShineButton-ExampleUITests";
				PRODUCT_NAME = "$(TARGET_NAME)";
				TARGETED_DEVICE_FAMILY = "1,2";
				TEST_TARGET_NAME = "ZXYShineButton-Example";
			};
			name = Release;
		};
/* End XCBuildConfiguration section */

/* Begin XCConfigurationList section */
		0C5F9F411FF3EC2100B6CA45 /* Build configuration list for PBXProject "ZXYShineButton-Example" */ = {
			isa = XCConfigurationList;
			buildConfigurations = (
				0C5F9F701FF3EC2200B6CA45 /* Debug */,
				0C5F9F711FF3EC2200B6CA45 /* Release */,
			);
			defaultConfigurationIsVisible = 0;
			defaultConfigurationName = Release;
		};
		0C5F9F721FF3EC2200B6CA45 /* Build configuration list for PBXNativeTarget "ZXYShineButton-Example" */ = {
			isa = XCConfigurationList;
			buildConfigurations = (
				0C5F9F731FF3EC2200B6CA45 /* Debug */,
				0C5F9F741FF3EC2200B6CA45 /* Release */,
			);
			defaultConfigurationIsVisible = 0;
			defaultConfigurationName = Release;
		};
		0C5F9F751FF3EC2200B6CA45 /* Build configuration list for PBXNativeTarget "ZXYShineButton-ExampleTests" */ = {
			isa = XCConfigurationList;
			buildConfigurations = (
				0C5F9F761FF3EC2200B6CA45 /* Debug */,
				0C5F9F771FF3EC2200B6CA45 /* Release */,
			);
			defaultConfigurationIsVisible = 0;
			defaultConfigurationName = Release;
		};
		0C5F9F781FF3EC2200B6CA45 /* Build configuration list for PBXNativeTarget "ZXYShineButton-ExampleUITests" */ = {
			isa = XCConfigurationList;
			buildConfigurations = (
				0C5F9F791FF3EC2200B6CA45 /* Debug */,
				0C5F9F7A1FF3EC2200B6CA45 /* Release */,
			);
			defaultConfigurationIsVisible = 0;
			defaultConfigurationName = Release;
		};
/* End XCConfigurationList section */
	};
	rootObject = 0C5F9F3E1FF3EC2100B6CA45 /* Project object */;
}
